
Microsoft Visual Studio Solution File, Format Version 12.00
# Visual Studio Version 17
VisualStudioVersion = 17.1.32328.378
MinimumVisualStudioVersion = 10.0.40219.1
Project("{FAE04EC0-301F-11D3-BF4B-00C04F79EFBC}") = "WebApiMinimal", "WebApiMinimal\WebApiMinimal.csproj", "{13DC2F8D-7A90-43F3-8129-A19AE9A30CEF}"
EndProject
Global
	GlobalSection(SolutionConfigurationPlatforms) = preSolution
		Debug|Any CPU = Debug|Any CPU
		Release|Any CPU = Release|Any CPU
	EndGlobalSection
	GlobalSection(ProjectConfigurationPlatforms) = postSolution
		{13DC2F8D-7A90-43F3-8129-A19AE9A30CEF}.Debug|Any CPU.ActiveCfg = Debug|Any CPU
		{13DC2F8D-7A90-43F3-8129-A19AE9A30CEF}.Debug|Any CPU.Build.0 = Debug|Any CPU
		{13DC2F8D-7A90-43F3-8129-A19AE9A30CEF}.Release|Any CPU.ActiveCfg = Release|Any CPU
		{13DC2F8D-7A90-43F3-8129-A19AE9A30CEF}.Release|Any CPU.Build.0 = Release|Any CPU
	EndGlobalSection
	GlobalSection(SolutionProperties) = preSolution
		HideSolutionNode = FALSE
	EndGlobalSection
	GlobalSection(ExtensibilityGlobals) = postSolution
		SolutionGuid = {00C7BF4E-44FA-4F91-A4F4-B2DBDB801506}
	EndGlobalSection
EndGlobal
